<?xml version="1.0" encoding="utf-8"?>
<Project ToolsVersion="4.0" xmlns="http://schemas.microsoft.com/developer/msbuild/2003">
  <ItemGroup>
    <Filter Include="Source Files">
      <UniqueIdentifier>{4FC737F1-C7A5-4376-A066-2A32D752A2FF}</UniqueIdentifier>
      <Extensions>cpp;c;cc;cxx;def;odl;idl;hpj;bat;asm;asmx</Extensions>
    </Filter>
    <Filter Include="Header Files">
      <UniqueIdentifier>{93995380-89BD-4b04-88EB-625FBE52EBFB}</UniqueIdentifier>
      <Extensions>h;hpp;hxx;hm;inl;inc;xsd</Extensions>
    </Filter>
    <Filter Include="Resource Files">
      <UniqueIdentifier>{67DA6AB6-F800-4c08-8B7A-83BB121AAD01}</UniqueIdentifier>
      <Extensions>rc;ico;cur;bmp;dlg;rc2;rct;bin;rgs;gif;jpg;jpeg;jpe;resx;tiff;tif;png;wav</Extensions>
    </Filter>
  </ItemGroup>
  <ItemGroup>
    <ClCompile Include="..\stl_append.c">
      <Filter>Source Files</Filter>
    </ClCompile>
    <ClCompile Include="..\stl_case.c">
      <Filter>Source Files</Filter>
    </ClCompile>
    <ClCompile Include="..\stl_crc32.c">
      <Filter>Source Files</Filter>
    </ClCompile>
    <ClCompile Include="..\stl_crypt.c">
      <Filter>Source Files</Filter>
    </ClCompile>
    <ClCompile Include="..\stl_CursorLnx.c">
      <Filter>Source Files</Filter>
    </ClCompile>
    <ClCompile Include="..\stl_CursorWin.c">
      <Filter>Source Files</Filter>
    </ClCompile>
    <ClCompile Include="..\stl_daemon.c">
      <Filter>Source Files</Filter>
    </ClCompile>
    <ClCompile Include="..\stl_date.c">
      <Filter>Source Files</Filter>
    </ClCompile>
    <ClCompile Include="..\stl_delete.c">
      <Filter>Source Files</Filter>
    </ClCompile>
    <ClCompile Include="..\stl_double.c">
      <Filter>Source Files</Filter>
    </ClCompile>
    <ClCompile Include="..\stl_event.c">
      <Filter>Source Files</Filter>
    </ClCompile>
    <ClCompile Include="..\stl_file.c">
      <Filter>Source Files</Filter>
    </ClCompile>
    <ClCompile Include="..\stl_get.c">
      <Filter>Source Files</Filter>
    </ClCompile>
    <ClCompile Include="..\stl_getopt.c">
      <Filter>Source Files</Filter>
    </ClCompile>
    <ClCompile Include="..\stl_httpClient.cpp">
      <Filter>Source Files</Filter>
    </ClCompile>
    <ClCompile Include="..\stl_httpReply.cpp">
      <Filter>Source Files</Filter>
    </ClCompile>
    <ClCompile Include="..\stl_inifile.c">
      <Filter>Source Files</Filter>
    </ClCompile>
    <ClCompile Include="..\stl_integer.c">
      <Filter>Source Files</Filter>
    </ClCompile>
    <ClCompile Include="..\stl_locate.c">
      <Filter>Source Files</Filter>
    </ClCompile>
    <ClCompile Include="..\stl_mailUtil.c">
      <Filter>Source Files</Filter>
    </ClCompile>
    <ClCompile Include="..\stl_md5.c">
      <Filter>Source Files</Filter>
    </ClCompile>
    <ClCompile Include="..\stl_printf.c">
      <Filter>Source Files</Filter>
    </ClCompile>
    <ClCompile Include="..\stl_printf_win.c">
      <Filter>Source Files</Filter>
    </ClCompile>
    <ClCompile Include="..\stl_random.c">
      <Filter>Source Files</Filter>
    </ClCompile>
    <ClCompile Include="..\stl_ras_win.c">
      <Filter>Source Files</Filter>
    </ClCompile>
    <ClCompile Include="..\stl_registry.c">
      <Filter>Source Files</Filter>
    </ClCompile>
    <ClCompile Include="..\stl_safeexit.c">
      <Filter>Source Files</Filter>
    </ClCompile>
    <ClCompile Include="..\stl_smtp.c">
      <Filter>Source Files</Filter>
    </ClCompile>
    <ClCompile Include="..\stl_spawn.c">
      <Filter>Source Files</Filter>
    </ClCompile>
    <ClCompile Include="..\stl_sql.c">
      <Filter>Source Files</Filter>
    </ClCompile>
    <ClCompile Include="..\stl_store.c">
      <Filter>Source Files</Filter>
    </ClCompile>
    <ClCompile Include="..\stl_strip.c">
      <Filter>Source Files</Filter>
    </ClCompile>
    <ClCompile Include="..\stl_swap.c">
      <Filter>Source Files</Filter>
    </ClCompile>
    <ClCompile Include="..\stl_syslog.c">
      <Filter>Source Files</Filter>
    </ClCompile>
    <ClCompile Include="..\stl_tcpbase.c">
      <Filter>Source Files</Filter>
    </ClCompile>
    <ClCompile Include="..\stl_tcpdns.c">
      <Filter>Source Files</Filter>
    </ClCompile>
    <ClCompile Include="..\stl_tcpsrv.c">
      <Filter>Source Files</Filter>
    </ClCompile>
    <ClCompile Include="..\stl_thread.c">
      <Filter>Source Files</Filter>
    </ClCompile>
    <ClCompile Include="..\stl_thread_p.cpp">
      <Filter>Source Files</Filter>
    </ClCompile>
    <ClCompile Include="..\stl_timer.c">
      <Filter>Source Files</Filter>
    </ClCompile>
    <ClCompile Include="..\stl_url.c">
      <Filter>Source Files</Filter>
    </ClCompile>
    <ClCompile Include="..\stl_win_service.c">
      <Filter>Source Files</Filter>
    </ClCompile>
    <ClCompile Include="..\stl_win_shmem.c">
      <Filter>Source Files</Filter>
    </ClCompile>
    <ClCompile Include="..\stl_xml.c">
      <Filter>Source Files</Filter>
    </ClCompile>
    <ClCompile Include="..\strtl_base.c">
      <Filter>Source Files</Filter>
    </ClCompile>
    <ClCompile Include="..\stl_xmlc.cpp">
      <Filter>Source Files</Filter>
    </ClCompile>
    <ClCompile Include="..\stl_rs232.cpp">
      <Filter>Source Files</Filter>
    </ClCompile>
    <ClCompile Include="..\cSTP.cpp">
      <Filter>Source Files</Filter>
    </ClCompile>
    <ClCompile Include="..\stl_math.cpp">
      <Filter>Source Files</Filter>
    </ClCompile>
    <ClCompile Include="..\stl_compress.cpp">
      <Filter>Source Files</Filter>
    </ClCompile>
    <ClCompile Include="..\stl_compressLzw.cpp">
      <Filter>Source Files</Filter>
    </ClCompile>
    <ClCompile Include="..\stl_conio.cpp">
      <Filter>Source Files</Filter>
    </ClCompile>
    <ClCompile Include="..\stlHiresTimer.cpp">
      <Filter>Source Files</Filter>
    </ClCompile>
    <ClCompile Include="..\stl_free.cpp">
      <Filter>Source Files</Filter>
    </ClCompile>
    <ClCompile Include="..\stlModbus.cpp">
      <Filter>Source Files</Filter>
    </ClCompile>
    <ClCompile Include="..\stl_fileFind.cpp">
      <Filter>Source Files</Filter>
    </ClCompile>
  </ItemGroup>
  <ItemGroup>
    <ClInclude Include="..\internal.h">
      <Filter>Header Files</Filter>
    </ClInclude>
    <ClInclude Include="..\stl_crypt.h">
      <Filter>Header Files</Filter>
    </ClInclude>
    <ClInclude Include="..\stl_Cursor.h">
      <Filter>Header Files</Filter>
    </ClInclude>
    <ClInclude Include="..\stl_httpClient.h">
      <Filter>Header Files</Filter>
    </ClInclude>
    <ClInclude Include="..\stl_httpReply.h">
      <Filter>Header Files</Filter>
    </ClInclude>
    <ClInclude Include="..\stl_mailUtil.h">
      <Filter>Header Files</Filter>
    </ClInclude>
    <ClInclude Include="..\stl_ras.h">
      <Filter>Header Files</Filter>
    </ClInclude>
    <ClInclude Include="..\stl_rs232.h">
      <Filter>Header Files</Filter>
    </ClInclude>
    <ClInclude Include="..\stl_sql.h">
      <Filter>Header Files</Filter>
    </ClInclude>
    <ClInclude Include="..\stl_str.h">
      <Filter>Header Files</Filter>
    </ClInclude>
    <ClInclude Include="..\stl_strlnx.h">
      <Filter>Header Files</Filter>
    </ClInclude>
    <ClInclude Include="..\stl_strwin.h">
      <Filter>Header Files</Filter>
    </ClInclude>
    <ClInclude Include="..\stl_tcp.h">
      <Filter>Header Files</Filter>
    </ClInclude>
    <ClInclude Include="..\stl_thread.h">
      <Filter>Header Files</Filter>
    </ClInclude>
    <ClInclude Include="..\stl_xml.h">
      <Filter>Header Files</Filter>
    </ClInclude>
    <ClInclude Include="..\stl_math.h">
      <Filter>Header Files</Filter>
    </ClInclude>
    <ClInclude Include="..\stl_compressLzw.h">
      <Filter>Source Files</Filter>
    </ClInclude>
    <ClInclude Include="..\stl_conio.h">
      <Filter>Source Files</Filter>
    </ClInclude>
    <ClInclude Include="..\stlHiresTimer.h">
      <Filter>Header Files</Filter>
    </ClInclude>
    <ClInclude Include="..\stlModbus.h">
      <Filter>Header Files</Filter>
    </ClInclude>
  </ItemGroup>
</Project>