
Microsoft Visual Studio Solution File, Format Version 9.00
# Visual Studio 2005
Project("{8BC9CEB8-8B4A-11D0-8D11-00A0C91BC942}") = "sqlite_plugin", "sqlite_plugin.vcproj", "{F79F83F6-3B1B-4F99-9EA5-3FA847221BDD}"
EndProject
Global
	GlobalSection(SolutionConfigurationPlatforms) = preSolution
		Debug|Win32 = Debug|Win32
		Release|Win32 = Release|Win32
	EndGlobalSection
	GlobalSection(ProjectConfigurationPlatforms) = postSolution
		{F79F83F6-3B1B-4F99-9EA5-3FA847221BDD}.Debug|Win32.ActiveCfg = Debug|Win32
		{F79F83F6-3B1B-4F99-9EA5-3FA847221BDD}.Debug|Win32.Build.0 = Debug|Win32
		{F79F83F6-3B1B-4F99-9EA5-3FA847221BDD}.Release|Win32.ActiveCfg = Release|Win32
		{F79F83F6-3B1B-4F99-9EA5-3FA847221BDD}.Release|Win32.Build.0 = Release|Win32
	EndGlobalSection
	GlobalSection(SolutionProperties) = preSolution
		HideSolutionNode = FALSE
	EndGlobalSection
EndGlobal
